{
  "name": "aquaverse",
  "version": "1.0.0",
  "lockfileVersion": 1,
  "requires": true,
  "dependencies": {
    "angular": {
      "version": "1.7.5",
      "resolved": "https://registry.npmjs.org/angular/-/angular-1.7.5.tgz",
      "integrity": "sha512-760183yxtGzni740IBTieNuWLtPNAoMqvmC0Z62UoU0I3nqk+VJuO3JbQAXOyvo3Oy/ZsdNQwrSTh/B0OQZjNw=="
    },
    "angular-animate": {
      "version": "1.7.5",
      "resolved": "https://registry.npmjs.org/angular-animate/-/angular-animate-1.7.5.tgz",
      "integrity": "sha512-kU/fHIGf2a4a3bH7E1tzALTHk+QfoUSCK9fEcMFisd6ZWvNDwPzXWAilItqOC3EDiAXPmGHaNc9/aXiD9xrAxQ=="
    },
    "angular-aria": {
      "version": "1.7.5",
      "resolved": "https://registry.npmjs.org/angular-aria/-/angular-aria-1.7.5.tgz",
      "integrity": "sha512-X2dGRw+PK7hrV7/X1Ns4e5P3KC/OBFi1l7z//D/v7zbZObsAx48qBoX7unsck+s4+mnO+ikNNkHG5N49VfAyRw=="
    },
    "angular-material": {
      "version": "1.1.10",
      "resolved": "https://registry.npmjs.org/angular-material/-/angular-material-1.1.10.tgz",
      "integrity": "sha512-LfBt5a1AVPbtsFzbmAyyZj90Gtc1U94OGtfMEauGzwsfqTnbH/y/9dtndH84N9S65wXkBoBe3VG6kfyoQSeCVw=="
    },
    "angular-messages": {
      "version": "1.7.5",
      "resolved": "https://registry.npmjs.org/angular-messages/-/angular-messages-1.7.5.tgz",
      "integrity": "sha512-YDpJpFLyrIgZjE/sIAjgww1y6r3QqXBJbNDI0QjftD37vHXLkwvAOo3A4bxPw8BikyGLcJrFrgf6hRAzntJIWA=="
    },
    "aria": {
      "version": "0.2.1",
      "resolved": "https://registry.npmjs.org/aria/-/aria-0.2.1.tgz",
      "integrity": "sha1-6nqTRgiYgjGVUbnTaATpXguoHRo=",
      "requires": {
        "request": "2.1.1",
        "xml2js-expat": "0.2.0"
      }
    },
    "bindings": {
      "version": "1.3.1",
      "resolved": "https://registry.npmjs.org/bindings/-/bindings-1.3.1.tgz",
      "integrity": "sha512-i47mqjF9UbjxJhxGf+pZ6kSxrnI3wBLlnGI2ArWJ4r0VrvDS7ZYXkprq/pLaBWYq4GM0r4zdHY+NNRqEMU7uew=="
    },
    "github-markdown-css": {
      "version": "2.10.0",
      "resolved": "https://registry.npmjs.org/github-markdown-css/-/github-markdown-css-2.10.0.tgz",
      "integrity": "sha512-RX5VUC54uX6Lvrm226M9kMzsNeOa81MnKyxb3J0G5KLjyoOySOZgwyKFkUpv6iUhooiUZdogk+OTwQPJ4WttYg=="
    },
    "jquery": {
      "version": "3.3.1",
      "resolved": "https://registry.npmjs.org/jquery/-/jquery-3.3.1.tgz",
      "integrity": "sha512-Ubldcmxp5np52/ENotGxlLe6aGMvmF4R8S6tZjsP6Knsaxd/xp3Zrh50cG93lR6nPXyUFwzN3ZSOQI0wRJNdGg=="
    },
    "messages": {
      "version": "0.0.0",
      "resolved": "https://registry.npmjs.org/messages/-/messages-0.0.0.tgz",
      "integrity": "sha1-nlHYV7dGfjnd2mPB3yzOoVvgBsY="
    },
    "nan": {
      "version": "2.11.1",
      "resolved": "https://registry.npmjs.org/nan/-/nan-2.11.1.tgz",
      "integrity": "sha512-iji6k87OSXa0CcrLl9z+ZiYSuR2o+c0bGuNmXdrhTQTakxytAFsC56SArGYoiHlJlFoHSnvmhpceZJaXkVuOtA=="
    },
    "node-expat": {
      "version": "2.3.17",
      "resolved": "https://registry.npmjs.org/node-expat/-/node-expat-2.3.17.tgz",
      "integrity": "sha512-mNTxY/GMiZGayqdKZXyf6lJR7OM1JqyL0EISjE4XF7Ov7+X4zJjmlnfxCi6Gml90IEOyiYBcyJg9MHDsDp6YHw==",
      "requires": {
        "bindings": "^1.2.1",
        "nan": "^2.10.0"
      }
    },
    "request": {
      "version": "2.1.1",
      "resolved": "http://registry.npmjs.org/request/-/request-2.1.1.tgz",
      "integrity": "sha1-VXDgxzfWVuvW0dPICqUQ08+Gxvo="
    },
    "xml2js-expat": {
      "version": "0.2.0",
      "resolved": "https://registry.npmjs.org/xml2js-expat/-/xml2js-expat-0.2.0.tgz",
      "integrity": "sha1-pgtaEvSIeWDI14d5k0/BJvP2S6s=",
      "requires": {
        "node-expat": ">=1.0.0"
      }
    }
  }
}
